
Microsoft Visual Studio Solution File, Format Version 12.00
# Visual Studio Version 16
VisualStudioVersion = 16.0.31402.337
MinimumVisualStudioVersion = 10.0.40219.1
Project("{FAE04EC0-301F-11D3-BF4B-00C04F79EFBC}") = "Dyno.Server", "Dyno\Server\Dyno.Server.csproj", "{042FD656-B80C-4558-B7FA-1A659DD89D8D}"
EndProject
Project("{FAE04EC0-301F-11D3-BF4B-00C04F79EFBC}") = "Dyno.Client", "Dyno\Client\Dyno.Client.csproj", "{93D94DD2-6952-420A-94FC-D91524E676F3}"
EndProject
Project("{FAE04EC0-301F-11D3-BF4B-00C04F79EFBC}") = "Dyno.Shared", "Dyno\Shared\Dyno.Shared.csproj", "{A9C91BEC-35A6-4EB0-B0C4-2591FDD9AE7D}"
EndProject
Global
	GlobalSection(SolutionConfigurationPlatforms) = preSolution
		Debug|Any CPU = Debug|Any CPU
		Release|Any CPU = Release|Any CPU
	EndGlobalSection
	GlobalSection(ProjectConfigurationPlatforms) = postSolution
		{042FD656-B80C-4558-B7FA-1A659DD89D8D}.Debug|Any CPU.ActiveCfg = Debug|Any CPU
		{042FD656-B80C-4558-B7FA-1A659DD89D8D}.Debug|Any CPU.Build.0 = Debug|Any CPU
		{042FD656-B80C-4558-B7FA-1A659DD89D8D}.Release|Any CPU.ActiveCfg = Release|Any CPU
		{042FD656-B80C-4558-B7FA-1A659DD89D8D}.Release|Any CPU.Build.0 = Release|Any CPU
		{93D94DD2-6952-420A-94FC-D91524E676F3}.Debug|Any CPU.ActiveCfg = Debug|Any CPU
		{93D94DD2-6952-420A-94FC-D91524E676F3}.Debug|Any CPU.Build.0 = Debug|Any CPU
		{93D94DD2-6952-420A-94FC-D91524E676F3}.Release|Any CPU.ActiveCfg = Release|Any CPU
		{93D94DD2-6952-420A-94FC-D91524E676F3}.Release|Any CPU.Build.0 = Release|Any CPU
		{A9C91BEC-35A6-4EB0-B0C4-2591FDD9AE7D}.Debug|Any CPU.ActiveCfg = Debug|Any CPU
		{A9C91BEC-35A6-4EB0-B0C4-2591FDD9AE7D}.Debug|Any CPU.Build.0 = Debug|Any CPU
		{A9C91BEC-35A6-4EB0-B0C4-2591FDD9AE7D}.Release|Any CPU.ActiveCfg = Release|Any CPU
		{A9C91BEC-35A6-4EB0-B0C4-2591FDD9AE7D}.Release|Any CPU.Build.0 = Release|Any CPU
	EndGlobalSection
	GlobalSection(SolutionProperties) = preSolution
		HideSolutionNode = FALSE
	EndGlobalSection
	GlobalSection(ExtensibilityGlobals) = postSolution
		SolutionGuid = {FFEE0E0E-38A5-4036-AB0A-984271526C69}
	EndGlobalSection
EndGlobal
